// !$*UTF8*$!
{
	archiveVersion = 1;
	classes = {
	};
	objectVersion = 56;
	objects = {

/* Begin PBXBuildFile section */
		8E17E3062A6271C00095BDBC /* codepoint_1.cpp in Sources */ = {isa = PBXBuildFile; fileRef = 8E6DC1AB2A3FF06F00062ED7 /* codepoint_1.cpp */; };
		8E17E3072A653A270095BDBC /* codepoint_5.cpp in Sources */ = {isa = PBXBuildFile; fileRef = 8EA67A0F2A4186FF0065C9E8 /* codepoint_5.cpp */; };
		8E17E3082A6541860095BDBC /* codepoint_6.cpp in Sources */ = {isa = PBXBuildFile; fileRef = 8EA67A112A4199250065C9E8 /* codepoint_6.cpp */; };
		8E17E3092A6541EA0095BDBC /* codepoint_7.cpp in Sources */ = {isa = PBXBuildFile; fileRef = 8EA67A132A41D5AB0065C9E8 /* codepoint_7.cpp */; };
/* End PBXBuildFile section */

/* Begin PBXCopyFilesBuildPhase section */
		8EE9BA632A1B83EC00D6DC7C /* CopyFiles */ = {
			isa = PBXCopyFilesBuildPhase;
			buildActionMask = 2147483647;
			dstPath = /usr/share/man/man1/;
			dstSubfolderSpec = 0;
			files = (
			);
			runOnlyForDeploymentPostprocessing = 1;
		};
/* End PBXCopyFilesBuildPhase section */

/* Begin PBXFileReference section */
		8E057F882A4A7F2600EBA6F9 /* code23.cpp */ = {isa = PBXFileReference; lastKnownFileType = sourcecode.cpp.cpp; path = code23.cpp; sourceTree = "<group>"; };
		8E057F8A2A4AB79500EBA6F9 /* code24.cpp */ = {isa = PBXFileReference; lastKnownFileType = sourcecode.cpp.cpp; path = code24.cpp; sourceTree = "<group>"; };
		8E057F8E2A4AFC7700EBA6F9 /* code25.cpp */ = {isa = PBXFileReference; lastKnownFileType = sourcecode.cpp.cpp; path = code25.cpp; sourceTree = "<group>"; };
		8E057F902A4B024900EBA6F9 /* code26.cpp */ = {isa = PBXFileReference; lastKnownFileType = sourcecode.cpp.cpp; path = code26.cpp; sourceTree = "<group>"; };
		8E057F922A4BD65700EBA6F9 /* code27.cpp */ = {isa = PBXFileReference; lastKnownFileType = sourcecode.cpp.cpp; path = code27.cpp; sourceTree = "<group>"; };
		8E057F942A4C18CA00EBA6F9 /* code28.cpp */ = {isa = PBXFileReference; lastKnownFileType = sourcecode.cpp.cpp; path = code28.cpp; sourceTree = "<group>"; };
		8E057F962A4C5D6600EBA6F9 /* code29.cpp */ = {isa = PBXFileReference; lastKnownFileType = sourcecode.cpp.cpp; path = code29.cpp; sourceTree = "<group>"; };
		8E057F982A4D21CB00EBA6F9 /* code30.cpp */ = {isa = PBXFileReference; lastKnownFileType = sourcecode.cpp.cpp; path = code30.cpp; sourceTree = "<group>"; };
		8E057F9A2A4D5D9200EBA6F9 /* code31.cpp */ = {isa = PBXFileReference; lastKnownFileType = sourcecode.cpp.cpp; path = code31.cpp; sourceTree = "<group>"; };
		8E17E2E72A5D2FD20095BDBC /* code62.cpp */ = {isa = PBXFileReference; lastKnownFileType = sourcecode.cpp.cpp; path = code62.cpp; sourceTree = "<group>"; };
		8E17E2E92A5D36BB0095BDBC /* code63.cpp */ = {isa = PBXFileReference; lastKnownFileType = sourcecode.cpp.cpp; path = code63.cpp; sourceTree = "<group>"; };
		8E17E2EB2A5D4E5B0095BDBC /* code64.cpp */ = {isa = PBXFileReference; lastKnownFileType = sourcecode.cpp.cpp; path = code64.cpp; sourceTree = "<group>"; };
		8E17E2ED2A5D55A20095BDBC /* code65.cpp */ = {isa = PBXFileReference; lastKnownFileType = sourcecode.cpp.cpp; path = code65.cpp; sourceTree = "<group>"; };
		8E17E2EF2A5E3DD20095BDBC /* code66.cpp */ = {isa = PBXFileReference; lastKnownFileType = sourcecode.cpp.cpp; path = code66.cpp; sourceTree = "<group>"; };
		8E17E2F12A5E41F90095BDBC /* code67.cpp */ = {isa = PBXFileReference; lastKnownFileType = sourcecode.cpp.cpp; path = code67.cpp; sourceTree = "<group>"; };
		8E17E2F42A5E558F0095BDBC /* code68.cpp */ = {isa = PBXFileReference; lastKnownFileType = sourcecode.cpp.cpp; path = code68.cpp; sourceTree = "<group>"; };
		8E17E2F62A5F9DAC0095BDBC /* code69.cpp */ = {isa = PBXFileReference; lastKnownFileType = sourcecode.cpp.cpp; path = code69.cpp; sourceTree = "<group>"; };
		8E17E2F82A5FA2D30095BDBC /* code70.cpp */ = {isa = PBXFileReference; lastKnownFileType = sourcecode.cpp.cpp; path = code70.cpp; sourceTree = "<group>"; };
		8E17E2FA2A60237B0095BDBC /* code71.cpp */ = {isa = PBXFileReference; lastKnownFileType = sourcecode.cpp.cpp; path = code71.cpp; sourceTree = "<group>"; };
		8E17E2FC2A60F8830095BDBC /* codestr_1.cpp */ = {isa = PBXFileReference; lastKnownFileType = sourcecode.cpp.cpp; path = codestr_1.cpp; sourceTree = "<group>"; };
		8E17E2FE2A60FDD60095BDBC /* codestr_2.cpp */ = {isa = PBXFileReference; lastKnownFileType = sourcecode.cpp.cpp; path = codestr_2.cpp; sourceTree = "<group>"; };
		8E17E3002A6128F20095BDBC /* codestr_3.cpp */ = {isa = PBXFileReference; lastKnownFileType = sourcecode.cpp.cpp; path = codestr_3.cpp; sourceTree = "<group>"; };
		8E17E3032A617C790095BDBC /* codelist_1.cpp */ = {isa = PBXFileReference; lastKnownFileType = sourcecode.cpp.cpp; path = codelist_1.cpp; sourceTree = "<group>"; };
		8E2D1E932A5038F70061F6B7 /* code37.cpp */ = {isa = PBXFileReference; lastKnownFileType = sourcecode.cpp.cpp; path = code37.cpp; sourceTree = "<group>"; };
		8E2D1EAC2A52973B0061F6B7 /* code38.cpp */ = {isa = PBXFileReference; lastKnownFileType = sourcecode.cpp.cpp; path = code38.cpp; sourceTree = "<group>"; };
		8E2D1EAE2A53AC8A0061F6B7 /* code39.cpp */ = {isa = PBXFileReference; lastKnownFileType = sourcecode.cpp.cpp; path = code39.cpp; sourceTree = "<group>"; };
		8E2D1EB02A53BBDA0061F6B7 /* code40.cpp */ = {isa = PBXFileReference; lastKnownFileType = sourcecode.cpp.cpp; path = code40.cpp; sourceTree = "<group>"; };
		8E2D1EB22A53C35D0061F6B7 /* code41.cpp */ = {isa = PBXFileReference; lastKnownFileType = sourcecode.cpp.cpp; path = code41.cpp; sourceTree = "<group>"; };
		8E2D1EB42A5400400061F6B7 /* code42.cpp */ = {isa = PBXFileReference; lastKnownFileType = sourcecode.cpp.cpp; path = code42.cpp; sourceTree = "<group>"; };
		8E2D1EB62A540A5B0061F6B7 /* code43.cpp */ = {isa = PBXFileReference; lastKnownFileType = sourcecode.cpp.cpp; path = code43.cpp; sourceTree = "<group>"; };
		8E2D1EB82A550FB70061F6B7 /* code44.cpp */ = {isa = PBXFileReference; lastKnownFileType = sourcecode.cpp.cpp; path = code44.cpp; sourceTree = "<group>"; };
		8E2D1EBA2A551AF60061F6B7 /* code45.cpp */ = {isa = PBXFileReference; lastKnownFileType = sourcecode.cpp.cpp; path = code45.cpp; sourceTree = "<group>"; };
		8E2D1EBF2A564EA90061F6B7 /* code46.cpp */ = {isa = PBXFileReference; lastKnownFileType = sourcecode.cpp.cpp; path = code46.cpp; sourceTree = "<group>"; };
		8E2D1EC12A566C490061F6B7 /* code47.cpp */ = {isa = PBXFileReference; lastKnownFileType = sourcecode.cpp.cpp; path = code47.cpp; sourceTree = "<group>"; };
		8E2D1EC32A5690EF0061F6B7 /* code48.cpp */ = {isa = PBXFileReference; lastKnownFileType = sourcecode.cpp.cpp; path = code48.cpp; sourceTree = "<group>"; };
		8E2D1EC52A5694F40061F6B7 /* code49.cpp */ = {isa = PBXFileReference; lastKnownFileType = sourcecode.cpp.cpp; path = code49.cpp; sourceTree = "<group>"; };
		8E2D1EC72A56B2200061F6B7 /* code50.cpp */ = {isa = PBXFileReference; lastKnownFileType = sourcecode.cpp.cpp; path = code50.cpp; sourceTree = "<group>"; };
		8E2D1EC92A56BB810061F6B7 /* code51.cpp */ = {isa = PBXFileReference; lastKnownFileType = sourcecode.cpp.cpp; path = code51.cpp; sourceTree = "<group>"; };
		8E2D1EE12A57BF380061F6B7 /* code52.cpp */ = {isa = PBXFileReference; lastKnownFileType = sourcecode.cpp.cpp; path = code52.cpp; sourceTree = "<group>"; };
		8E2D1EE32A57E7140061F6B7 /* code53.cpp */ = {isa = PBXFileReference; lastKnownFileType = sourcecode.cpp.cpp; path = code53.cpp; sourceTree = "<group>"; };
		8E2D1EE52A57FFE90061F6B7 /* code54.cpp */ = {isa = PBXFileReference; lastKnownFileType = sourcecode.cpp.cpp; path = code54.cpp; sourceTree = "<group>"; };
		8E2D1EE72A5836B10061F6B7 /* code55.cpp */ = {isa = PBXFileReference; lastKnownFileType = sourcecode.cpp.cpp; path = code55.cpp; sourceTree = "<group>"; };
		8E2D1EE92A5908890061F6B7 /* code56.cpp */ = {isa = PBXFileReference; lastKnownFileType = sourcecode.cpp.cpp; path = code56.cpp; sourceTree = "<group>"; };
		8E2D1EEB2A5932240061F6B7 /* code57.cpp */ = {isa = PBXFileReference; lastKnownFileType = sourcecode.cpp.cpp; path = code57.cpp; sourceTree = "<group>"; };
		8E2D1EED2A59440D0061F6B7 /* code58.cpp */ = {isa = PBXFileReference; lastKnownFileType = sourcecode.cpp.cpp; path = code58.cpp; sourceTree = "<group>"; };
		8E2D1EEF2A5962AA0061F6B7 /* code59.cpp */ = {isa = PBXFileReference; lastKnownFileType = sourcecode.cpp.cpp; path = code59.cpp; sourceTree = "<group>"; };
		8E2D1EF12A5B93700061F6B7 /* code60.cpp */ = {isa = PBXFileReference; lastKnownFileType = sourcecode.cpp.cpp; path = code60.cpp; sourceTree = "<group>"; };
		8E2D1EF32A5B990A0061F6B7 /* code61.cpp */ = {isa = PBXFileReference; lastKnownFileType = sourcecode.cpp.cpp; path = code61.cpp; sourceTree = "<group>"; };
		8E6DC1AB2A3FF06F00062ED7 /* codepoint_1.cpp */ = {isa = PBXFileReference; lastKnownFileType = sourcecode.cpp.cpp; path = codepoint_1.cpp; sourceTree = "<group>"; };
		8E6DC1AD2A3FFACF00062ED7 /* codepoint_2.cpp */ = {isa = PBXFileReference; lastKnownFileType = sourcecode.cpp.cpp; path = codepoint_2.cpp; sourceTree = "<group>"; };
		8E6DC1AF2A40053200062ED7 /* codepoint_3.cpp */ = {isa = PBXFileReference; lastKnownFileType = sourcecode.cpp.cpp; path = codepoint_3.cpp; sourceTree = "<group>"; };
		8E96B1D72A4572A900B53860 /* codestaque_1.cpp */ = {isa = PBXFileReference; lastKnownFileType = sourcecode.cpp.cpp; path = codestaque_1.cpp; sourceTree = "<group>"; };
		8E96B1D92A45901700B53860 /* codestaque_2.cpp */ = {isa = PBXFileReference; lastKnownFileType = sourcecode.cpp.cpp; path = codestaque_2.cpp; sourceTree = "<group>"; };
		8E96B1DC2A48126B00B53860 /* codestaque_3.cpp */ = {isa = PBXFileReference; lastKnownFileType = sourcecode.cpp.cpp; path = codestaque_3.cpp; sourceTree = "<group>"; };
		8E96B1E32A48349C00B53860 /* codestaque_4.cpp */ = {isa = PBXFileReference; lastKnownFileType = sourcecode.cpp.cpp; path = codestaque_4.cpp; sourceTree = "<group>"; };
		8E96B1E52A49323E00B53860 /* code20.cpp */ = {isa = PBXFileReference; lastKnownFileType = sourcecode.cpp.cpp; path = code20.cpp; sourceTree = "<group>"; };
		8E96B1E72A495EF300B53860 /* code21.cpp */ = {isa = PBXFileReference; lastKnownFileType = sourcecode.cpp.cpp; path = code21.cpp; sourceTree = "<group>"; };
		8E96B1E92A49708400B53860 /* code22.cpp */ = {isa = PBXFileReference; lastKnownFileType = sourcecode.cpp.cpp; path = code22.cpp; sourceTree = "<group>"; };
		8E9E3A7B2A4E79AE002161A2 /* code33.cpp */ = {isa = PBXFileReference; lastKnownFileType = sourcecode.cpp.cpp; path = code33.cpp; sourceTree = "<group>"; };
		8E9E3A7D2A4E7F31002161A2 /* code34.cpp */ = {isa = PBXFileReference; lastKnownFileType = sourcecode.cpp.cpp; path = code34.cpp; sourceTree = "<group>"; };
		8E9E3A7F2A4EB70E002161A2 /* code35.cpp */ = {isa = PBXFileReference; lastKnownFileType = sourcecode.cpp.cpp; path = code35.cpp; sourceTree = "<group>"; };
		8E9E3A812A4EC051002161A2 /* code36.cpp */ = {isa = PBXFileReference; lastKnownFileType = sourcecode.cpp.cpp; path = code36.cpp; sourceTree = "<group>"; };
		8EA67A0D2A41672E0065C9E8 /* codepoint_4.cpp */ = {isa = PBXFileReference; lastKnownFileType = sourcecode.cpp.cpp; path = codepoint_4.cpp; sourceTree = "<group>"; };
		8EA67A0F2A4186FF0065C9E8 /* codepoint_5.cpp */ = {isa = PBXFileReference; lastKnownFileType = sourcecode.cpp.cpp; path = codepoint_5.cpp; sourceTree = "<group>"; };
		8EA67A112A4199250065C9E8 /* codepoint_6.cpp */ = {isa = PBXFileReference; lastKnownFileType = sourcecode.cpp.cpp; path = codepoint_6.cpp; sourceTree = "<group>"; };
		8EA67A132A41D5AB0065C9E8 /* codepoint_7.cpp */ = {isa = PBXFileReference; lastKnownFileType = sourcecode.cpp.cpp; path = codepoint_7.cpp; sourceTree = "<group>"; };
		8EADB17D2A34177800F00CD9 /* codestr_4.cpp */ = {isa = PBXFileReference; lastKnownFileType = sourcecode.cpp.cpp; path = codestr_4.cpp; sourceTree = "<group>"; };
		8EADB1A12A3996B200F00CD9 /* codelist_2.cpp */ = {isa = PBXFileReference; lastKnownFileType = sourcecode.cpp.cpp; path = codelist_2.cpp; sourceTree = "<group>"; };
		8EADB1A32A39DCE300F00CD9 /* code5.cpp */ = {isa = PBXFileReference; lastKnownFileType = sourcecode.cpp.cpp; path = code5.cpp; sourceTree = "<group>"; };
		8EADB1A52A3AB00800F00CD9 /* code6.cpp */ = {isa = PBXFileReference; lastKnownFileType = sourcecode.cpp.cpp; path = code6.cpp; sourceTree = "<group>"; };
		8EADB1A72A3AE10200F00CD9 /* code7.cpp */ = {isa = PBXFileReference; lastKnownFileType = sourcecode.cpp.cpp; path = code7.cpp; sourceTree = "<group>"; };
		8EADB1A92A3B32AF00F00CD9 /* codelist_3.cpp */ = {isa = PBXFileReference; lastKnownFileType = sourcecode.cpp.cpp; path = codelist_3.cpp; sourceTree = "<group>"; };
		8EDEF5652A4D7AE700F46001 /* code32.cpp */ = {isa = PBXFileReference; lastKnownFileType = sourcecode.cpp.cpp; path = code32.cpp; sourceTree = "<group>"; };
		8EE9BA652A1B83EC00D6DC7C /* leetcode */ = {isa = PBXFileReference; explicitFileType = "compiled.mach-o.executable"; includeInIndex = 0; path = leetcode; sourceTree = BUILT_PRODUCTS_DIR; };
		8EE9BA6F2A1B842F00D6DC7C /* code1.cpp */ = {isa = PBXFileReference; lastKnownFileType = sourcecode.cpp.cpp; path = code1.cpp; sourceTree = "<group>"; };
/* End PBXFileReference section */

/* Begin PBXFrameworksBuildPhase section */
		8EE9BA622A1B83EC00D6DC7C /* Frameworks */ = {
			isa = PBXFrameworksBuildPhase;
			buildActionMask = 2147483647;
			files = (
			);
			runOnlyForDeploymentPostprocessing = 0;
		};
/* End PBXFrameworksBuildPhase section */

/* Begin PBXGroup section */
		8E17E2F32A5E55780095BDBC /* Dynamic_program */ = {
			isa = PBXGroup;
			children = (
				8E17E2F42A5E558F0095BDBC /* code68.cpp */,
				8E17E2F62A5F9DAC0095BDBC /* code69.cpp */,
				8E17E2F82A5FA2D30095BDBC /* code70.cpp */,
				8E17E2FA2A60237B0095BDBC /* code71.cpp */,
			);
			path = Dynamic_program;
			sourceTree = "<group>";
		};
		8E17E3052A62709B0095BDBC /* Double_pointer */ = {
			isa = PBXGroup;
			children = (
				8E6DC1AB2A3FF06F00062ED7 /* codepoint_1.cpp */,
				8E6DC1AD2A3FFACF00062ED7 /* codepoint_2.cpp */,
				8E6DC1AF2A40053200062ED7 /* codepoint_3.cpp */,
				8EA67A0D2A41672E0065C9E8 /* codepoint_4.cpp */,
				8EA67A0F2A4186FF0065C9E8 /* codepoint_5.cpp */,
				8EA67A112A4199250065C9E8 /* codepoint_6.cpp */,
				8EA67A132A41D5AB0065C9E8 /* codepoint_7.cpp */,
				8EADB1A32A39DCE300F00CD9 /* code5.cpp */,
				8EADB1A52A3AB00800F00CD9 /* code6.cpp */,
				8EADB1A72A3AE10200F00CD9 /* code7.cpp */,
			);
			path = Double_pointer;
			sourceTree = "<group>";
		};
		8E17E30A2A66241B0095BDBC /* Stack_Queue */ = {
			isa = PBXGroup;
			children = (
				8E96B1D72A4572A900B53860 /* codestaque_1.cpp */,
				8E96B1D92A45901700B53860 /* codestaque_2.cpp */,
				8E96B1DC2A48126B00B53860 /* codestaque_3.cpp */,
				8E96B1E32A48349C00B53860 /* codestaque_4.cpp */,
			);
			path = Stack_Queue;
			sourceTree = "<group>";
		};
		8E2D1EAB2A5297020061F6B7 /* Bintree */ = {
			isa = PBXGroup;
			children = (
				8E2D1EAC2A52973B0061F6B7 /* code38.cpp */,
				8E2D1EAE2A53AC8A0061F6B7 /* code39.cpp */,
				8E2D1EB02A53BBDA0061F6B7 /* code40.cpp */,
				8E2D1EB22A53C35D0061F6B7 /* code41.cpp */,
				8E2D1EB42A5400400061F6B7 /* code42.cpp */,
				8E2D1EB62A540A5B0061F6B7 /* code43.cpp */,
				8E2D1EB82A550FB70061F6B7 /* code44.cpp */,
				8E2D1EBA2A551AF60061F6B7 /* code45.cpp */,
				8E2D1EBF2A564EA90061F6B7 /* code46.cpp */,
				8E2D1EC12A566C490061F6B7 /* code47.cpp */,
				8E2D1EC32A5690EF0061F6B7 /* code48.cpp */,
				8E2D1EC52A5694F40061F6B7 /* code49.cpp */,
				8E2D1EC72A56B2200061F6B7 /* code50.cpp */,
				8E2D1EE12A57BF380061F6B7 /* code52.cpp */,
				8E2D1EE32A57E7140061F6B7 /* code53.cpp */,
				8E2D1EE52A57FFE90061F6B7 /* code54.cpp */,
				8E17E2E72A5D2FD20095BDBC /* code62.cpp */,
			);
			path = Bintree;
			sourceTree = "<group>";
		};
		8E96B1DE2A4812E000B53860 /* String */ = {
			isa = PBXGroup;
			children = (
				8E17E2FC2A60F8830095BDBC /* codestr_1.cpp */,
				8E17E2FE2A60FDD60095BDBC /* codestr_2.cpp */,
				8E17E3002A6128F20095BDBC /* codestr_3.cpp */,
				8EADB17D2A34177800F00CD9 /* codestr_4.cpp */,
				8EE9BA6F2A1B842F00D6DC7C /* code1.cpp */,
				8E96B1E92A49708400B53860 /* code22.cpp */,
				8E2D1E932A5038F70061F6B7 /* code37.cpp */,
				8E2D1EC92A56BB810061F6B7 /* code51.cpp */,
				8E2D1EE72A5836B10061F6B7 /* code55.cpp */,
				8E17E2EB2A5D4E5B0095BDBC /* code64.cpp */,
				8E17E2ED2A5D55A20095BDBC /* code65.cpp */,
			);
			path = String;
			sourceTree = "<group>";
		};
		8E96B1DF2A48131200B53860 /* Linklist */ = {
			isa = PBXGroup;
			children = (
				8E17E3032A617C790095BDBC /* codelist_1.cpp */,
				8EADB1A12A3996B200F00CD9 /* codelist_2.cpp */,
				8EADB1A92A3B32AF00F00CD9 /* codelist_3.cpp */,
			);
			path = Linklist;
			sourceTree = "<group>";
		};
		8E96B1E02A48140B00B53860 /* Vector */ = {
			isa = PBXGroup;
			children = (
				8E057F922A4BD65700EBA6F9 /* code27.cpp */,
				8E057F942A4C18CA00EBA6F9 /* code28.cpp */,
				8E057F962A4C5D6600EBA6F9 /* code29.cpp */,
				8E057F982A4D21CB00EBA6F9 /* code30.cpp */,
				8E057F9A2A4D5D9200EBA6F9 /* code31.cpp */,
				8EDEF5652A4D7AE700F46001 /* code32.cpp */,
				8E9E3A7B2A4E79AE002161A2 /* code33.cpp */,
				8E9E3A7D2A4E7F31002161A2 /* code34.cpp */,
				8E9E3A7F2A4EB70E002161A2 /* code35.cpp */,
				8E9E3A812A4EC051002161A2 /* code36.cpp */,
				8E2D1EE92A5908890061F6B7 /* code56.cpp */,
				8E2D1EEB2A5932240061F6B7 /* code57.cpp */,
				8E2D1EED2A59440D0061F6B7 /* code58.cpp */,
				8E2D1EEF2A5962AA0061F6B7 /* code59.cpp */,
				8E2D1EF12A5B93700061F6B7 /* code60.cpp */,
				8E2D1EF32A5B990A0061F6B7 /* code61.cpp */,
				8E17E2E92A5D36BB0095BDBC /* code63.cpp */,
				8E17E2EF2A5E3DD20095BDBC /* code66.cpp */,
				8E17E2F12A5E41F90095BDBC /* code67.cpp */,
			);
			path = Vector;
			sourceTree = "<group>";
		};
		8E96B1E12A48148300B53860 /* Stack */ = {
			isa = PBXGroup;
			children = (
				8E96B1E72A495EF300B53860 /* code21.cpp */,
				8E057F882A4A7F2600EBA6F9 /* code23.cpp */,
				8E057F8A2A4AB79500EBA6F9 /* code24.cpp */,
				8E057F8E2A4AFC7700EBA6F9 /* code25.cpp */,
				8E057F902A4B024900EBA6F9 /* code26.cpp */,
			);
			path = Stack;
			sourceTree = "<group>";
		};
		8E96B1E22A4814A700B53860 /* Queue */ = {
			isa = PBXGroup;
			children = (
				8E96B1E52A49323E00B53860 /* code20.cpp */,
			);
			path = Queue;
			sourceTree = "<group>";
		};
		8EE9BA5C2A1B83EC00D6DC7C = {
			isa = PBXGroup;
			children = (
				8EE9BA672A1B83EC00D6DC7C /* leetcode */,
				8EE9BA662A1B83EC00D6DC7C /* Products */,
			);
			sourceTree = "<group>";
		};
		8EE9BA662A1B83EC00D6DC7C /* Products */ = {
			isa = PBXGroup;
			children = (
				8EE9BA652A1B83EC00D6DC7C /* leetcode */,
			);
			name = Products;
			sourceTree = "<group>";
		};
		8EE9BA672A1B83EC00D6DC7C /* leetcode */ = {
			isa = PBXGroup;
			children = (
				8E17E30A2A66241B0095BDBC /* Stack_Queue */,
				8E96B1DE2A4812E000B53860 /* String */,
				8E96B1DF2A48131200B53860 /* Linklist */,
				8E17E3052A62709B0095BDBC /* Double_pointer */,
				8E17E2F32A5E55780095BDBC /* Dynamic_program */,
				8E2D1EAB2A5297020061F6B7 /* Bintree */,
				8E96B1E22A4814A700B53860 /* Queue */,
				8E96B1E12A48148300B53860 /* Stack */,
				8E96B1E02A48140B00B53860 /* Vector */,
			);
			path = leetcode;
			sourceTree = "<group>";
		};
/* End PBXGroup section */

/* Begin PBXNativeTarget section */
		8EE9BA642A1B83EC00D6DC7C /* leetcode */ = {
			isa = PBXNativeTarget;
			buildConfigurationList = 8EE9BA6C2A1B83EC00D6DC7C /* Build configuration list for PBXNativeTarget "leetcode" */;
			buildPhases = (
				8EE9BA612A1B83EC00D6DC7C /* Sources */,
				8EE9BA622A1B83EC00D6DC7C /* Frameworks */,
				8EE9BA632A1B83EC00D6DC7C /* CopyFiles */,
			);
			buildRules = (
			);
			dependencies = (
			);
			name = leetcode;
			productName = leetcode;
			productReference = 8EE9BA652A1B83EC00D6DC7C /* leetcode */;
			productType = "com.apple.product-type.tool";
		};
/* End PBXNativeTarget section */

/* Begin PBXProject section */
		8EE9BA5D2A1B83EC00D6DC7C /* Project object */ = {
			isa = PBXProject;
			attributes = {
				BuildIndependentTargetsInParallel = 1;
				LastUpgradeCheck = 1430;
				TargetAttributes = {
					8EE9BA642A1B83EC00D6DC7C = {
						CreatedOnToolsVersion = 14.3;
					};
				};
			};
			buildConfigurationList = 8EE9BA602A1B83EC00D6DC7C /* Build configuration list for PBXProject "leetcode" */;
			compatibilityVersion = "Xcode 14.0";
			developmentRegion = en;
			hasScannedForEncodings = 0;
			knownRegions = (
				en,
				Base,
			);
			mainGroup = 8EE9BA5C2A1B83EC00D6DC7C;
			productRefGroup = 8EE9BA662A1B83EC00D6DC7C /* Products */;
			projectDirPath = "";
			projectRoot = "";
			targets = (
				8EE9BA642A1B83EC00D6DC7C /* leetcode */,
			);
		};
/* End PBXProject section */

/* Begin PBXSourcesBuildPhase section */
		8EE9BA612A1B83EC00D6DC7C /* Sources */ = {
			isa = PBXSourcesBuildPhase;
			buildActionMask = 2147483647;
			files = (
				8E17E3092A6541EA0095BDBC /* codepoint_7.cpp in Sources */,
				8E17E3072A653A270095BDBC /* codepoint_5.cpp in Sources */,
				8E17E3082A6541860095BDBC /* codepoint_6.cpp in Sources */,
				8E17E3062A6271C00095BDBC /* codepoint_1.cpp in Sources */,
			);
			runOnlyForDeploymentPostprocessing = 0;
		};
/* End PBXSourcesBuildPhase section */

/* Begin XCBuildConfiguration section */
		8EE9BA6A2A1B83EC00D6DC7C /* Debug */ = {
			isa = XCBuildConfiguration;
			buildSettings = {
				ALWAYS_SEARCH_USER_PATHS = NO;
				CLANG_ANALYZER_NONNULL = YES;
				CLANG_ANALYZER_NUMBER_OBJECT_CONVERSION = YES_AGGRESSIVE;
				CLANG_CXX_LANGUAGE_STANDARD = "gnu++20";
				CLANG_ENABLE_MODULES = YES;
				CLANG_ENABLE_OBJC_ARC = YES;
				CLANG_ENABLE_OBJC_WEAK = YES;
				CLANG_WARN_BLOCK_CAPTURE_AUTORELEASING = YES;
				CLANG_WARN_BOOL_CONVERSION = YES;
				CLANG_WARN_COMMA = YES;
				CLANG_WARN_CONSTANT_CONVERSION = YES;
				CLANG_WARN_DEPRECATED_OBJC_IMPLEMENTATIONS = YES;
				CLANG_WARN_DIRECT_OBJC_ISA_USAGE = YES_ERROR;
				CLANG_WARN_DOCUMENTATION_COMMENTS = YES;
				CLANG_WARN_EMPTY_BODY = YES;
				CLANG_WARN_ENUM_CONVERSION = YES;
				CLANG_WARN_INFINITE_RECURSION = YES;
				CLANG_WARN_INT_CONVERSION = YES;
				CLANG_WARN_NON_LITERAL_NULL_CONVERSION = YES;
				CLANG_WARN_OBJC_IMPLICIT_RETAIN_SELF = YES;
				CLANG_WARN_OBJC_LITERAL_CONVERSION = YES;
				CLANG_WARN_OBJC_ROOT_CLASS = YES_ERROR;
				CLANG_WARN_QUOTED_INCLUDE_IN_FRAMEWORK_HEADER = YES;
				CLANG_WARN_RANGE_LOOP_ANALYSIS = YES;
				CLANG_WARN_STRICT_PROTOTYPES = YES;
				CLANG_WARN_SUSPICIOUS_MOVE = YES;
				CLANG_WARN_UNGUARDED_AVAILABILITY = YES_AGGRESSIVE;
				CLANG_WARN_UNREACHABLE_CODE = YES;
				CLANG_WARN__DUPLICATE_METHOD_MATCH = YES;
				COPY_PHASE_STRIP = NO;
				DEBUG_INFORMATION_FORMAT = dwarf;
				ENABLE_STRICT_OBJC_MSGSEND = YES;
				ENABLE_TESTABILITY = YES;
				GCC_C_LANGUAGE_STANDARD = gnu11;
				GCC_DYNAMIC_NO_PIC = NO;
				GCC_NO_COMMON_BLOCKS = YES;
				GCC_OPTIMIZATION_LEVEL = 0;
				GCC_PREPROCESSOR_DEFINITIONS = (
					"DEBUG=1",
					"$(inherited)",
				);
				GCC_WARN_64_TO_32_BIT_CONVERSION = YES;
				GCC_WARN_ABOUT_RETURN_TYPE = YES_ERROR;
				GCC_WARN_UNDECLARED_SELECTOR = YES;
				GCC_WARN_UNINITIALIZED_AUTOS = YES_AGGRESSIVE;
				GCC_WARN_UNUSED_FUNCTION = YES;
				GCC_WARN_UNUSED_VARIABLE = YES;
				MACOSX_DEPLOYMENT_TARGET = 13.0;
				MTL_ENABLE_DEBUG_INFO = INCLUDE_SOURCE;
				MTL_FAST_MATH = YES;
				ONLY_ACTIVE_ARCH = YES;
				SDKROOT = macosx;
			};
			name = Debug;
		};
		8EE9BA6B2A1B83EC00D6DC7C /* Release */ = {
			isa = XCBuildConfiguration;
			buildSettings = {
				ALWAYS_SEARCH_USER_PATHS = NO;
				CLANG_ANALYZER_NONNULL = YES;
				CLANG_ANALYZER_NUMBER_OBJECT_CONVERSION = YES_AGGRESSIVE;
				CLANG_CXX_LANGUAGE_STANDARD = "gnu++20";
				CLANG_ENABLE_MODULES = YES;
				CLANG_ENABLE_OBJC_ARC = YES;
				CLANG_ENABLE_OBJC_WEAK = YES;
				CLANG_WARN_BLOCK_CAPTURE_AUTORELEASING = YES;
				CLANG_WARN_BOOL_CONVERSION = YES;
				CLANG_WARN_COMMA = YES;
				CLANG_WARN_CONSTANT_CONVERSION = YES;
				CLANG_WARN_DEPRECATED_OBJC_IMPLEMENTATIONS = YES;
				CLANG_WARN_DIRECT_OBJC_ISA_USAGE = YES_ERROR;
				CLANG_WARN_DOCUMENTATION_COMMENTS = YES;
				CLANG_WARN_EMPTY_BODY = YES;
				CLANG_WARN_ENUM_CONVERSION = YES;
				CLANG_WARN_INFINITE_RECURSION = YES;
				CLANG_WARN_INT_CONVERSION = YES;
				CLANG_WARN_NON_LITERAL_NULL_CONVERSION = YES;
				CLANG_WARN_OBJC_IMPLICIT_RETAIN_SELF = YES;
				CLANG_WARN_OBJC_LITERAL_CONVERSION = YES;
				CLANG_WARN_OBJC_ROOT_CLASS = YES_ERROR;
				CLANG_WARN_QUOTED_INCLUDE_IN_FRAMEWORK_HEADER = YES;
				CLANG_WARN_RANGE_LOOP_ANALYSIS = YES;
				CLANG_WARN_STRICT_PROTOTYPES = YES;
				CLANG_WARN_SUSPICIOUS_MOVE = YES;
				CLANG_WARN_UNGUARDED_AVAILABILITY = YES_AGGRESSIVE;
				CLANG_WARN_UNREACHABLE_CODE = YES;
				CLANG_WARN__DUPLICATE_METHOD_MATCH = YES;
				COPY_PHASE_STRIP = NO;
				DEBUG_INFORMATION_FORMAT = "dwarf-with-dsym";
				ENABLE_NS_ASSERTIONS = NO;
				ENABLE_STRICT_OBJC_MSGSEND = YES;
				GCC_C_LANGUAGE_STANDARD = gnu11;
				GCC_NO_COMMON_BLOCKS = YES;
				GCC_WARN_64_TO_32_BIT_CONVERSION = YES;
				GCC_WARN_ABOUT_RETURN_TYPE = YES_ERROR;
				GCC_WARN_UNDECLARED_SELECTOR = YES;
				GCC_WARN_UNINITIALIZED_AUTOS = YES_AGGRESSIVE;
				GCC_WARN_UNUSED_FUNCTION = YES;
				GCC_WARN_UNUSED_VARIABLE = YES;
				MACOSX_DEPLOYMENT_TARGET = 13.0;
				MTL_ENABLE_DEBUG_INFO = NO;
				MTL_FAST_MATH = YES;
				SDKROOT = macosx;
			};
			name = Release;
		};
		8EE9BA6D2A1B83EC00D6DC7C /* Debug */ = {
			isa = XCBuildConfiguration;
			buildSettings = {
				CODE_SIGN_STYLE = Automatic;
				PRODUCT_NAME = "$(TARGET_NAME)";
			};
			name = Debug;
		};
		8EE9BA6E2A1B83EC00D6DC7C /* Release */ = {
			isa = XCBuildConfiguration;
			buildSettings = {
				CODE_SIGN_STYLE = Automatic;
				PRODUCT_NAME = "$(TARGET_NAME)";
			};
			name = Release;
		};
/* End XCBuildConfiguration section */

/* Begin XCConfigurationList section */
		8EE9BA602A1B83EC00D6DC7C /* Build configuration list for PBXProject "leetcode" */ = {
			isa = XCConfigurationList;
			buildConfigurations = (
				8EE9BA6A2A1B83EC00D6DC7C /* Debug */,
				8EE9BA6B2A1B83EC00D6DC7C /* Release */,
			);
			defaultConfigurationIsVisible = 0;
			defaultConfigurationName = Release;
		};
		8EE9BA6C2A1B83EC00D6DC7C /* Build configuration list for PBXNativeTarget "leetcode" */ = {
			isa = XCConfigurationList;
			buildConfigurations = (
				8EE9BA6D2A1B83EC00D6DC7C /* Debug */,
				8EE9BA6E2A1B83EC00D6DC7C /* Release */,
			);
			defaultConfigurationIsVisible = 0;
			defaultConfigurationName = Release;
		};
/* End XCConfigurationList section */
	};
	rootObject = 8EE9BA5D2A1B83EC00D6DC7C /* Project object */;
}
