// !$*UTF8*$!
{
	archiveVersion = 1;
	classes = {
	};
	objectVersion = 56;
	objects = {

/* Begin PBXBuildFile section */
		8E057F892A4A7F2600EBA6F9 /* code23.cpp in Sources */ = {isa = PBXBuildFile; fileRef = 8E057F882A4A7F2600EBA6F9 /* code23.cpp */; };
		8E057F8B2A4AB79500EBA6F9 /* code24.cpp in Sources */ = {isa = PBXBuildFile; fileRef = 8E057F8A2A4AB79500EBA6F9 /* code24.cpp */; };
		8E057F8F2A4AFC7700EBA6F9 /* code25.cpp in Sources */ = {isa = PBXBuildFile; fileRef = 8E057F8E2A4AFC7700EBA6F9 /* code25.cpp */; };
		8E057F912A4B024900EBA6F9 /* code26.cpp in Sources */ = {isa = PBXBuildFile; fileRef = 8E057F902A4B024900EBA6F9 /* code26.cpp */; };
		8E057F932A4BD65700EBA6F9 /* code27.cpp in Sources */ = {isa = PBXBuildFile; fileRef = 8E057F922A4BD65700EBA6F9 /* code27.cpp */; };
		8E057F952A4C18CA00EBA6F9 /* code28.cpp in Sources */ = {isa = PBXBuildFile; fileRef = 8E057F942A4C18CA00EBA6F9 /* code28.cpp */; };
		8E057F972A4C5D6600EBA6F9 /* code29.cpp in Sources */ = {isa = PBXBuildFile; fileRef = 8E057F962A4C5D6600EBA6F9 /* code29.cpp */; };
		8E057F992A4D21CB00EBA6F9 /* code30.cpp in Sources */ = {isa = PBXBuildFile; fileRef = 8E057F982A4D21CB00EBA6F9 /* code30.cpp */; };
		8E057F9B2A4D5D9200EBA6F9 /* code31.cpp in Sources */ = {isa = PBXBuildFile; fileRef = 8E057F9A2A4D5D9200EBA6F9 /* code31.cpp */; };
		8E96B1DA2A45901700B53860 /* code17.cpp in Sources */ = {isa = PBXBuildFile; fileRef = 8E96B1D92A45901700B53860 /* code17.cpp */; };
		8E96B1DD2A48126B00B53860 /* code18.cpp in Sources */ = {isa = PBXBuildFile; fileRef = 8E96B1DC2A48126B00B53860 /* code18.cpp */; };
		8E96B1E42A48349C00B53860 /* code19.cpp in Sources */ = {isa = PBXBuildFile; fileRef = 8E96B1E32A48349C00B53860 /* code19.cpp */; };
		8E96B1E62A49323E00B53860 /* code20.cpp in Sources */ = {isa = PBXBuildFile; fileRef = 8E96B1E52A49323E00B53860 /* code20.cpp */; };
		8E96B1E82A495EF300B53860 /* code21.cpp in Sources */ = {isa = PBXBuildFile; fileRef = 8E96B1E72A495EF300B53860 /* code21.cpp */; };
		8E96B1EA2A49708400B53860 /* code22.cpp in Sources */ = {isa = PBXBuildFile; fileRef = 8E96B1E92A49708400B53860 /* code22.cpp */; };
		8E9E3A7C2A4E79AE002161A2 /* code33.cpp in Sources */ = {isa = PBXBuildFile; fileRef = 8E9E3A7B2A4E79AE002161A2 /* code33.cpp */; };
		8E9E3A7E2A4E7F31002161A2 /* code34.cpp in Sources */ = {isa = PBXBuildFile; fileRef = 8E9E3A7D2A4E7F31002161A2 /* code34.cpp */; };
		8E9E3A802A4EB70E002161A2 /* code35.cpp in Sources */ = {isa = PBXBuildFile; fileRef = 8E9E3A7F2A4EB70E002161A2 /* code35.cpp */; };
		8E9E3A822A4EC051002161A2 /* code36.cpp in Sources */ = {isa = PBXBuildFile; fileRef = 8E9E3A812A4EC051002161A2 /* code36.cpp */; };
		8EDEF5662A4D7AE700F46001 /* code32.cpp in Sources */ = {isa = PBXBuildFile; fileRef = 8EDEF5652A4D7AE700F46001 /* code32.cpp */; };
/* End PBXBuildFile section */

/* Begin PBXCopyFilesBuildPhase section */
		8EE9BA632A1B83EC00D6DC7C /* CopyFiles */ = {
			isa = PBXCopyFilesBuildPhase;
			buildActionMask = 2147483647;
			dstPath = /usr/share/man/man1/;
			dstSubfolderSpec = 0;
			files = (
			);
			runOnlyForDeploymentPostprocessing = 1;
		};
/* End PBXCopyFilesBuildPhase section */

/* Begin PBXFileReference section */
		8E057F882A4A7F2600EBA6F9 /* code23.cpp */ = {isa = PBXFileReference; lastKnownFileType = sourcecode.cpp.cpp; path = code23.cpp; sourceTree = "<group>"; };
		8E057F8A2A4AB79500EBA6F9 /* code24.cpp */ = {isa = PBXFileReference; lastKnownFileType = sourcecode.cpp.cpp; path = code24.cpp; sourceTree = "<group>"; };
		8E057F8E2A4AFC7700EBA6F9 /* code25.cpp */ = {isa = PBXFileReference; lastKnownFileType = sourcecode.cpp.cpp; path = code25.cpp; sourceTree = "<group>"; };
		8E057F902A4B024900EBA6F9 /* code26.cpp */ = {isa = PBXFileReference; lastKnownFileType = sourcecode.cpp.cpp; path = code26.cpp; sourceTree = "<group>"; };
		8E057F922A4BD65700EBA6F9 /* code27.cpp */ = {isa = PBXFileReference; lastKnownFileType = sourcecode.cpp.cpp; path = code27.cpp; sourceTree = "<group>"; };
		8E057F942A4C18CA00EBA6F9 /* code28.cpp */ = {isa = PBXFileReference; lastKnownFileType = sourcecode.cpp.cpp; path = code28.cpp; sourceTree = "<group>"; };
		8E057F962A4C5D6600EBA6F9 /* code29.cpp */ = {isa = PBXFileReference; lastKnownFileType = sourcecode.cpp.cpp; path = code29.cpp; sourceTree = "<group>"; };
		8E057F982A4D21CB00EBA6F9 /* code30.cpp */ = {isa = PBXFileReference; lastKnownFileType = sourcecode.cpp.cpp; path = code30.cpp; sourceTree = "<group>"; };
		8E057F9A2A4D5D9200EBA6F9 /* code31.cpp */ = {isa = PBXFileReference; lastKnownFileType = sourcecode.cpp.cpp; path = code31.cpp; sourceTree = "<group>"; };
		8E6DC1AB2A3FF06F00062ED7 /* code9.cpp */ = {isa = PBXFileReference; lastKnownFileType = sourcecode.cpp.cpp; path = code9.cpp; sourceTree = "<group>"; };
		8E6DC1AD2A3FFACF00062ED7 /* code10.cpp */ = {isa = PBXFileReference; lastKnownFileType = sourcecode.cpp.cpp; path = code10.cpp; sourceTree = "<group>"; };
		8E6DC1AF2A40053200062ED7 /* code11.cpp */ = {isa = PBXFileReference; lastKnownFileType = sourcecode.cpp.cpp; path = code11.cpp; sourceTree = "<group>"; };
		8E96B1D72A4572A900B53860 /* code16.cpp */ = {isa = PBXFileReference; lastKnownFileType = sourcecode.cpp.cpp; path = code16.cpp; sourceTree = "<group>"; };
		8E96B1D92A45901700B53860 /* code17.cpp */ = {isa = PBXFileReference; lastKnownFileType = sourcecode.cpp.cpp; path = code17.cpp; sourceTree = "<group>"; };
		8E96B1DC2A48126B00B53860 /* code18.cpp */ = {isa = PBXFileReference; lastKnownFileType = sourcecode.cpp.cpp; path = code18.cpp; sourceTree = "<group>"; };
		8E96B1E32A48349C00B53860 /* code19.cpp */ = {isa = PBXFileReference; lastKnownFileType = sourcecode.cpp.cpp; path = code19.cpp; sourceTree = "<group>"; };
		8E96B1E52A49323E00B53860 /* code20.cpp */ = {isa = PBXFileReference; lastKnownFileType = sourcecode.cpp.cpp; path = code20.cpp; sourceTree = "<group>"; };
		8E96B1E72A495EF300B53860 /* code21.cpp */ = {isa = PBXFileReference; lastKnownFileType = sourcecode.cpp.cpp; path = code21.cpp; sourceTree = "<group>"; };
		8E96B1E92A49708400B53860 /* code22.cpp */ = {isa = PBXFileReference; lastKnownFileType = sourcecode.cpp.cpp; path = code22.cpp; sourceTree = "<group>"; };
		8E9E3A7B2A4E79AE002161A2 /* code33.cpp */ = {isa = PBXFileReference; lastKnownFileType = sourcecode.cpp.cpp; path = code33.cpp; sourceTree = "<group>"; };
		8E9E3A7D2A4E7F31002161A2 /* code34.cpp */ = {isa = PBXFileReference; lastKnownFileType = sourcecode.cpp.cpp; path = code34.cpp; sourceTree = "<group>"; };
		8E9E3A7F2A4EB70E002161A2 /* code35.cpp */ = {isa = PBXFileReference; lastKnownFileType = sourcecode.cpp.cpp; path = code35.cpp; sourceTree = "<group>"; };
		8E9E3A812A4EC051002161A2 /* code36.cpp */ = {isa = PBXFileReference; lastKnownFileType = sourcecode.cpp.cpp; path = code36.cpp; sourceTree = "<group>"; };
		8EA67A0D2A41672E0065C9E8 /* code12.cpp */ = {isa = PBXFileReference; lastKnownFileType = sourcecode.cpp.cpp; path = code12.cpp; sourceTree = "<group>"; };
		8EA67A0F2A4186FF0065C9E8 /* code13.cpp */ = {isa = PBXFileReference; lastKnownFileType = sourcecode.cpp.cpp; path = code13.cpp; sourceTree = "<group>"; };
		8EA67A112A4199250065C9E8 /* code14.cpp */ = {isa = PBXFileReference; lastKnownFileType = sourcecode.cpp.cpp; path = code14.cpp; sourceTree = "<group>"; };
		8EA67A132A41D5AB0065C9E8 /* code15.cpp */ = {isa = PBXFileReference; lastKnownFileType = sourcecode.cpp.cpp; path = code15.cpp; sourceTree = "<group>"; };
		8EADB17D2A34177800F00CD9 /* code2.cpp */ = {isa = PBXFileReference; lastKnownFileType = sourcecode.cpp.cpp; path = code2.cpp; sourceTree = "<group>"; };
		8EADB19F2A398B2900F00CD9 /* code3.cpp */ = {isa = PBXFileReference; lastKnownFileType = sourcecode.cpp.cpp; path = code3.cpp; sourceTree = "<group>"; };
		8EADB1A12A3996B200F00CD9 /* code4.cpp */ = {isa = PBXFileReference; lastKnownFileType = sourcecode.cpp.cpp; path = code4.cpp; sourceTree = "<group>"; };
		8EADB1A32A39DCE300F00CD9 /* code5.cpp */ = {isa = PBXFileReference; lastKnownFileType = sourcecode.cpp.cpp; path = code5.cpp; sourceTree = "<group>"; };
		8EADB1A52A3AB00800F00CD9 /* code6.cpp */ = {isa = PBXFileReference; lastKnownFileType = sourcecode.cpp.cpp; path = code6.cpp; sourceTree = "<group>"; };
		8EADB1A72A3AE10200F00CD9 /* code7.cpp */ = {isa = PBXFileReference; lastKnownFileType = sourcecode.cpp.cpp; path = code7.cpp; sourceTree = "<group>"; };
		8EADB1A92A3B32AF00F00CD9 /* code8.cpp */ = {isa = PBXFileReference; lastKnownFileType = sourcecode.cpp.cpp; path = code8.cpp; sourceTree = "<group>"; };
		8EDEF5652A4D7AE700F46001 /* code32.cpp */ = {isa = PBXFileReference; lastKnownFileType = sourcecode.cpp.cpp; path = code32.cpp; sourceTree = "<group>"; };
		8EE9BA652A1B83EC00D6DC7C /* leetcode */ = {isa = PBXFileReference; explicitFileType = "compiled.mach-o.executable"; includeInIndex = 0; path = leetcode; sourceTree = BUILT_PRODUCTS_DIR; };
		8EE9BA6F2A1B842F00D6DC7C /* code1.cpp */ = {isa = PBXFileReference; lastKnownFileType = sourcecode.cpp.cpp; path = code1.cpp; sourceTree = "<group>"; };
/* End PBXFileReference section */

/* Begin PBXFrameworksBuildPhase section */
		8EE9BA622A1B83EC00D6DC7C /* Frameworks */ = {
			isa = PBXFrameworksBuildPhase;
			buildActionMask = 2147483647;
			files = (
			);
			runOnlyForDeploymentPostprocessing = 0;
		};
/* End PBXFrameworksBuildPhase section */

/* Begin PBXGroup section */
		8E96B1DE2A4812E000B53860 /* String */ = {
			isa = PBXGroup;
			children = (
				8EE9BA6F2A1B842F00D6DC7C /* code1.cpp */,
				8EADB17D2A34177800F00CD9 /* code2.cpp */,
				8EA67A132A41D5AB0065C9E8 /* code15.cpp */,
				8E96B1E92A49708400B53860 /* code22.cpp */,
			);
			path = String;
			sourceTree = "<group>";
		};
		8E96B1DF2A48131200B53860 /* Linklist */ = {
			isa = PBXGroup;
			children = (
				8EADB19F2A398B2900F00CD9 /* code3.cpp */,
				8EADB1A12A3996B200F00CD9 /* code4.cpp */,
				8EADB1A32A39DCE300F00CD9 /* code5.cpp */,
				8EADB1A52A3AB00800F00CD9 /* code6.cpp */,
				8EADB1A72A3AE10200F00CD9 /* code7.cpp */,
				8EADB1A92A3B32AF00F00CD9 /* code8.cpp */,
				8E6DC1AB2A3FF06F00062ED7 /* code9.cpp */,
				8E6DC1AD2A3FFACF00062ED7 /* code10.cpp */,
				8E6DC1AF2A40053200062ED7 /* code11.cpp */,
				8EA67A0D2A41672E0065C9E8 /* code12.cpp */,
			);
			path = Linklist;
			sourceTree = "<group>";
		};
		8E96B1E02A48140B00B53860 /* Vector */ = {
			isa = PBXGroup;
			children = (
				8EA67A0F2A4186FF0065C9E8 /* code13.cpp */,
				8EA67A112A4199250065C9E8 /* code14.cpp */,
				8E057F922A4BD65700EBA6F9 /* code27.cpp */,
				8E057F942A4C18CA00EBA6F9 /* code28.cpp */,
				8E057F962A4C5D6600EBA6F9 /* code29.cpp */,
				8E057F982A4D21CB00EBA6F9 /* code30.cpp */,
				8E057F9A2A4D5D9200EBA6F9 /* code31.cpp */,
				8EDEF5652A4D7AE700F46001 /* code32.cpp */,
				8E9E3A7B2A4E79AE002161A2 /* code33.cpp */,
				8E9E3A7D2A4E7F31002161A2 /* code34.cpp */,
				8E9E3A7F2A4EB70E002161A2 /* code35.cpp */,
				8E9E3A812A4EC051002161A2 /* code36.cpp */,
			);
			path = Vector;
			sourceTree = "<group>";
		};
		8E96B1E12A48148300B53860 /* Stack */ = {
			isa = PBXGroup;
			children = (
				8E96B1D72A4572A900B53860 /* code16.cpp */,
				8E96B1D92A45901700B53860 /* code17.cpp */,
				8E96B1E72A495EF300B53860 /* code21.cpp */,
				8E057F882A4A7F2600EBA6F9 /* code23.cpp */,
				8E057F8A2A4AB79500EBA6F9 /* code24.cpp */,
				8E057F8E2A4AFC7700EBA6F9 /* code25.cpp */,
				8E057F902A4B024900EBA6F9 /* code26.cpp */,
			);
			path = Stack;
			sourceTree = "<group>";
		};
		8E96B1E22A4814A700B53860 /* Queue */ = {
			isa = PBXGroup;
			children = (
				8E96B1DC2A48126B00B53860 /* code18.cpp */,
				8E96B1E32A48349C00B53860 /* code19.cpp */,
				8E96B1E52A49323E00B53860 /* code20.cpp */,
			);
			path = Queue;
			sourceTree = "<group>";
		};
		8EE9BA5C2A1B83EC00D6DC7C = {
			isa = PBXGroup;
			children = (
				8EE9BA672A1B83EC00D6DC7C /* leetcode */,
				8EE9BA662A1B83EC00D6DC7C /* Products */,
			);
			sourceTree = "<group>";
		};
		8EE9BA662A1B83EC00D6DC7C /* Products */ = {
			isa = PBXGroup;
			children = (
				8EE9BA652A1B83EC00D6DC7C /* leetcode */,
			);
			name = Products;
			sourceTree = "<group>";
		};
		8EE9BA672A1B83EC00D6DC7C /* leetcode */ = {
			isa = PBXGroup;
			children = (
				8E96B1E22A4814A700B53860 /* Queue */,
				8E96B1E12A48148300B53860 /* Stack */,
				8E96B1E02A48140B00B53860 /* Vector */,
				8E96B1DE2A4812E000B53860 /* String */,
				8E96B1DF2A48131200B53860 /* Linklist */,
			);
			path = leetcode;
			sourceTree = "<group>";
		};
/* End PBXGroup section */

/* Begin PBXNativeTarget section */
		8EE9BA642A1B83EC00D6DC7C /* leetcode */ = {
			isa = PBXNativeTarget;
			buildConfigurationList = 8EE9BA6C2A1B83EC00D6DC7C /* Build configuration list for PBXNativeTarget "leetcode" */;
			buildPhases = (
				8EE9BA612A1B83EC00D6DC7C /* Sources */,
				8EE9BA622A1B83EC00D6DC7C /* Frameworks */,
				8EE9BA632A1B83EC00D6DC7C /* CopyFiles */,
			);
			buildRules = (
			);
			dependencies = (
			);
			name = leetcode;
			productName = leetcode;
			productReference = 8EE9BA652A1B83EC00D6DC7C /* leetcode */;
			productType = "com.apple.product-type.tool";
		};
/* End PBXNativeTarget section */

/* Begin PBXProject section */
		8EE9BA5D2A1B83EC00D6DC7C /* Project object */ = {
			isa = PBXProject;
			attributes = {
				BuildIndependentTargetsInParallel = 1;
				LastUpgradeCheck = 1430;
				TargetAttributes = {
					8EE9BA642A1B83EC00D6DC7C = {
						CreatedOnToolsVersion = 14.3;
					};
				};
			};
			buildConfigurationList = 8EE9BA602A1B83EC00D6DC7C /* Build configuration list for PBXProject "leetcode" */;
			compatibilityVersion = "Xcode 14.0";
			developmentRegion = en;
			hasScannedForEncodings = 0;
			knownRegions = (
				en,
				Base,
			);
			mainGroup = 8EE9BA5C2A1B83EC00D6DC7C;
			productRefGroup = 8EE9BA662A1B83EC00D6DC7C /* Products */;
			projectDirPath = "";
			projectRoot = "";
			targets = (
				8EE9BA642A1B83EC00D6DC7C /* leetcode */,
			);
		};
/* End PBXProject section */

/* Begin PBXSourcesBuildPhase section */
		8EE9BA612A1B83EC00D6DC7C /* Sources */ = {
			isa = PBXSourcesBuildPhase;
			buildActionMask = 2147483647;
			files = (
				8E057F9B2A4D5D9200EBA6F9 /* code31.cpp in Sources */,
				8E057F912A4B024900EBA6F9 /* code26.cpp in Sources */,
				8E057F972A4C5D6600EBA6F9 /* code29.cpp in Sources */,
				8E9E3A7E2A4E7F31002161A2 /* code34.cpp in Sources */,
				8E96B1E82A495EF300B53860 /* code21.cpp in Sources */,
				8E057F8F2A4AFC7700EBA6F9 /* code25.cpp in Sources */,
				8E9E3A7C2A4E79AE002161A2 /* code33.cpp in Sources */,
				8E057F892A4A7F2600EBA6F9 /* code23.cpp in Sources */,
				8E057F952A4C18CA00EBA6F9 /* code28.cpp in Sources */,
				8E96B1E62A49323E00B53860 /* code20.cpp in Sources */,
				8E96B1DA2A45901700B53860 /* code17.cpp in Sources */,
				8E057F8B2A4AB79500EBA6F9 /* code24.cpp in Sources */,
				8E96B1DD2A48126B00B53860 /* code18.cpp in Sources */,
				8E9E3A802A4EB70E002161A2 /* code35.cpp in Sources */,
				8EDEF5662A4D7AE700F46001 /* code32.cpp in Sources */,
				8E9E3A822A4EC051002161A2 /* code36.cpp in Sources */,
				8E057F932A4BD65700EBA6F9 /* code27.cpp in Sources */,
				8E96B1EA2A49708400B53860 /* code22.cpp in Sources */,
				8E96B1E42A48349C00B53860 /* code19.cpp in Sources */,
				8E057F992A4D21CB00EBA6F9 /* code30.cpp in Sources */,
			);
			runOnlyForDeploymentPostprocessing = 0;
		};
/* End PBXSourcesBuildPhase section */

/* Begin XCBuildConfiguration section */
		8EE9BA6A2A1B83EC00D6DC7C /* Debug */ = {
			isa = XCBuildConfiguration;
			buildSettings = {
				ALWAYS_SEARCH_USER_PATHS = NO;
				CLANG_ANALYZER_NONNULL = YES;
				CLANG_ANALYZER_NUMBER_OBJECT_CONVERSION = YES_AGGRESSIVE;
				CLANG_CXX_LANGUAGE_STANDARD = "gnu++20";
				CLANG_ENABLE_MODULES = YES;
				CLANG_ENABLE_OBJC_ARC = YES;
				CLANG_ENABLE_OBJC_WEAK = YES;
				CLANG_WARN_BLOCK_CAPTURE_AUTORELEASING = YES;
				CLANG_WARN_BOOL_CONVERSION = YES;
				CLANG_WARN_COMMA = YES;
				CLANG_WARN_CONSTANT_CONVERSION = YES;
				CLANG_WARN_DEPRECATED_OBJC_IMPLEMENTATIONS = YES;
				CLANG_WARN_DIRECT_OBJC_ISA_USAGE = YES_ERROR;
				CLANG_WARN_DOCUMENTATION_COMMENTS = YES;
				CLANG_WARN_EMPTY_BODY = YES;
				CLANG_WARN_ENUM_CONVERSION = YES;
				CLANG_WARN_INFINITE_RECURSION = YES;
				CLANG_WARN_INT_CONVERSION = YES;
				CLANG_WARN_NON_LITERAL_NULL_CONVERSION = YES;
				CLANG_WARN_OBJC_IMPLICIT_RETAIN_SELF = YES;
				CLANG_WARN_OBJC_LITERAL_CONVERSION = YES;
				CLANG_WARN_OBJC_ROOT_CLASS = YES_ERROR;
				CLANG_WARN_QUOTED_INCLUDE_IN_FRAMEWORK_HEADER = YES;
				CLANG_WARN_RANGE_LOOP_ANALYSIS = YES;
				CLANG_WARN_STRICT_PROTOTYPES = YES;
				CLANG_WARN_SUSPICIOUS_MOVE = YES;
				CLANG_WARN_UNGUARDED_AVAILABILITY = YES_AGGRESSIVE;
				CLANG_WARN_UNREACHABLE_CODE = YES;
				CLANG_WARN__DUPLICATE_METHOD_MATCH = YES;
				COPY_PHASE_STRIP = NO;
				DEBUG_INFORMATION_FORMAT = dwarf;
				ENABLE_STRICT_OBJC_MSGSEND = YES;
				ENABLE_TESTABILITY = YES;
				GCC_C_LANGUAGE_STANDARD = gnu11;
				GCC_DYNAMIC_NO_PIC = NO;
				GCC_NO_COMMON_BLOCKS = YES;
				GCC_OPTIMIZATION_LEVEL = 0;
				GCC_PREPROCESSOR_DEFINITIONS = (
					"DEBUG=1",
					"$(inherited)",
				);
				GCC_WARN_64_TO_32_BIT_CONVERSION = YES;
				GCC_WARN_ABOUT_RETURN_TYPE = YES_ERROR;
				GCC_WARN_UNDECLARED_SELECTOR = YES;
				GCC_WARN_UNINITIALIZED_AUTOS = YES_AGGRESSIVE;
				GCC_WARN_UNUSED_FUNCTION = YES;
				GCC_WARN_UNUSED_VARIABLE = YES;
				MACOSX_DEPLOYMENT_TARGET = 13.0;
				MTL_ENABLE_DEBUG_INFO = INCLUDE_SOURCE;
				MTL_FAST_MATH = YES;
				ONLY_ACTIVE_ARCH = YES;
				SDKROOT = macosx;
			};
			name = Debug;
		};
		8EE9BA6B2A1B83EC00D6DC7C /* Release */ = {
			isa = XCBuildConfiguration;
			buildSettings = {
				ALWAYS_SEARCH_USER_PATHS = NO;
				CLANG_ANALYZER_NONNULL = YES;
				CLANG_ANALYZER_NUMBER_OBJECT_CONVERSION = YES_AGGRESSIVE;
				CLANG_CXX_LANGUAGE_STANDARD = "gnu++20";
				CLANG_ENABLE_MODULES = YES;
				CLANG_ENABLE_OBJC_ARC = YES;
				CLANG_ENABLE_OBJC_WEAK = YES;
				CLANG_WARN_BLOCK_CAPTURE_AUTORELEASING = YES;
				CLANG_WARN_BOOL_CONVERSION = YES;
				CLANG_WARN_COMMA = YES;
				CLANG_WARN_CONSTANT_CONVERSION = YES;
				CLANG_WARN_DEPRECATED_OBJC_IMPLEMENTATIONS = YES;
				CLANG_WARN_DIRECT_OBJC_ISA_USAGE = YES_ERROR;
				CLANG_WARN_DOCUMENTATION_COMMENTS = YES;
				CLANG_WARN_EMPTY_BODY = YES;
				CLANG_WARN_ENUM_CONVERSION = YES;
				CLANG_WARN_INFINITE_RECURSION = YES;
				CLANG_WARN_INT_CONVERSION = YES;
				CLANG_WARN_NON_LITERAL_NULL_CONVERSION = YES;
				CLANG_WARN_OBJC_IMPLICIT_RETAIN_SELF = YES;
				CLANG_WARN_OBJC_LITERAL_CONVERSION = YES;
				CLANG_WARN_OBJC_ROOT_CLASS = YES_ERROR;
				CLANG_WARN_QUOTED_INCLUDE_IN_FRAMEWORK_HEADER = YES;
				CLANG_WARN_RANGE_LOOP_ANALYSIS = YES;
				CLANG_WARN_STRICT_PROTOTYPES = YES;
				CLANG_WARN_SUSPICIOUS_MOVE = YES;
				CLANG_WARN_UNGUARDED_AVAILABILITY = YES_AGGRESSIVE;
				CLANG_WARN_UNREACHABLE_CODE = YES;
				CLANG_WARN__DUPLICATE_METHOD_MATCH = YES;
				COPY_PHASE_STRIP = NO;
				DEBUG_INFORMATION_FORMAT = "dwarf-with-dsym";
				ENABLE_NS_ASSERTIONS = NO;
				ENABLE_STRICT_OBJC_MSGSEND = YES;
				GCC_C_LANGUAGE_STANDARD = gnu11;
				GCC_NO_COMMON_BLOCKS = YES;
				GCC_WARN_64_TO_32_BIT_CONVERSION = YES;
				GCC_WARN_ABOUT_RETURN_TYPE = YES_ERROR;
				GCC_WARN_UNDECLARED_SELECTOR = YES;
				GCC_WARN_UNINITIALIZED_AUTOS = YES_AGGRESSIVE;
				GCC_WARN_UNUSED_FUNCTION = YES;
				GCC_WARN_UNUSED_VARIABLE = YES;
				MACOSX_DEPLOYMENT_TARGET = 13.0;
				MTL_ENABLE_DEBUG_INFO = NO;
				MTL_FAST_MATH = YES;
				SDKROOT = macosx;
			};
			name = Release;
		};
		8EE9BA6D2A1B83EC00D6DC7C /* Debug */ = {
			isa = XCBuildConfiguration;
			buildSettings = {
				CODE_SIGN_STYLE = Automatic;
				PRODUCT_NAME = "$(TARGET_NAME)";
			};
			name = Debug;
		};
		8EE9BA6E2A1B83EC00D6DC7C /* Release */ = {
			isa = XCBuildConfiguration;
			buildSettings = {
				CODE_SIGN_STYLE = Automatic;
				PRODUCT_NAME = "$(TARGET_NAME)";
			};
			name = Release;
		};
/* End XCBuildConfiguration section */

/* Begin XCConfigurationList section */
		8EE9BA602A1B83EC00D6DC7C /* Build configuration list for PBXProject "leetcode" */ = {
			isa = XCConfigurationList;
			buildConfigurations = (
				8EE9BA6A2A1B83EC00D6DC7C /* Debug */,
				8EE9BA6B2A1B83EC00D6DC7C /* Release */,
			);
			defaultConfigurationIsVisible = 0;
			defaultConfigurationName = Release;
		};
		8EE9BA6C2A1B83EC00D6DC7C /* Build configuration list for PBXNativeTarget "leetcode" */ = {
			isa = XCConfigurationList;
			buildConfigurations = (
				8EE9BA6D2A1B83EC00D6DC7C /* Debug */,
				8EE9BA6E2A1B83EC00D6DC7C /* Release */,
			);
			defaultConfigurationIsVisible = 0;
			defaultConfigurationName = Release;
		};
/* End XCConfigurationList section */
	};
	rootObject = 8EE9BA5D2A1B83EC00D6DC7C /* Project object */;
}
